lock_version: agentlock-lock/v0.1

agent_id: agent://example/trading-risk

model:
  provider: example-llm
  model_id: example-llm-large-2026-01
  provider_fingerprint: fp_2026_01_lg_a1b2c3
  temperature: 0.0
  top_p: 1.0

tools:
  - name: read_open_positions
    protocol: mcp
    server: mcp://example/positions-mcp
    version: 3.1.0
    schema_hash: blake3:e1f2a3b4c5d6e7f8a9b0c1d2e3f4a5b6c7d8e9f0a1b2c3d4e5f6a7b8c9d0e1f2
    permissions:
      - positions.read
    requires_human_approval: false

  - name: read_market_snapshot
    protocol: mcp
    server: mcp://example/marketdata-mcp
    version: 4.0.2
    schema_hash: blake3:f2a3b4c5d6e7f8a9b0c1d2e3f4a5b6c7d8e9f0a1b2c3d4e5f6a7b8c9d0e1f2a3
    permissions:
      - marketdata.read
    requires_human_approval: false

knowledge:
  - name: risk_thresholds_kb
    index_id: idx-risk-thresholds-2026-04-25
    snapshot_hash: blake3:e1f2a3b4c5d6e7f8a9b0c1d2e3f4a5b6c7d8e9f0a1b2c3d4e5f6a7b8c9d0e1f2

memory:
  schema_version: 0.1.0
  stores_user_specific_data: false
  retention_days: 0
  gdpr_exportable: false
  deletion_supported: true

policies:
  - id: never_modify_state
    version: 1.0.0
    hash: blake3:cc55dd66ee77ff8800aa11bb22cc33dd44ee55ff66aa77bb88cc99dd00ee11ff
  - id: max_flagged_position
    version: 1.0.0
    hash: blake3:dd66ee77ff8800aa11bb22cc33dd44ee55ff66aa77bb88cc99dd00ee11ff22aa

generated_at: "2026-04-26T08:00:00Z"
