lock_version: agenomic-lock/v0.1

agent_id: agent://acme/claims-bot

model:
  provider: example-llm
  model_id: example-llm-large-2026-01
  provider_fingerprint: fp_2026_01_lg_a1b2c3
  temperature: 0.2
  top_p: 1.0

tools:
  - name: get_claim_details
    protocol: mcp
    server: mcp://acme/claims-mcp
    version: 2.4.1
    schema_hash: blake3:9b0a4c1f2e6d8a7b3c5f0e1a2b3c4d5e6f7a8b9c0d1e2f3a4b5c6d7e8f9a0b1c
    permissions:
      - claims.read
    requires_human_approval: false

  - name: lookup_policy
    protocol: mcp
    server: mcp://acme/policy-mcp
    version: 1.7.0
    schema_hash: blake3:5d4e3a2b1c0f9e8d7c6b5a4f3e2d1c0b9a8f7e6d5c4b3a2f1e0d9c8b7a6f5e4d
    permissions:
      - policy.read
    requires_human_approval: false

  - name: propose_compensation
    protocol: mcp
    server: mcp://acme/compensation-mcp
    version: 0.9.3
    schema_hash: blake3:1f2e3d4c5b6a7f8e9d0c1b2a3f4e5d6c7b8a9f0e1d2c3b4a5f6e7d8c9b0a1f2e
    permissions:
      - compensation.propose
    requires_human_approval: true

knowledge:
  - name: claim_categories_kb
    index_id: idx-claim-categories-2026q2
    snapshot_hash: blake3:9b0a4c1f2e6d8a7b3c5f0e1a2b3c4d5e6f7a8b9c0d1e2f3a4b5c6d7e8f9a0b1c

memory:
  schema_version: 1.4.0
  stores_user_specific_data: true
  retention_days: 365
  gdpr_exportable: true
  deletion_supported: true

policies:
  - id: never_auto_authorize_payout
    version: 1.2.0
    hash: blake3:aa11bb22cc33dd44ee55ff66aa77bb88cc99dd00ee11ff22aa33bb44cc55dd66
  - id: pii_minimization
    version: 1.0.1
    hash: blake3:bb22cc33dd44ee55ff66aa77bb88cc99dd00ee11ff22aa33bb44cc55dd66ee77

compatible_memory_schemas:
  - 1.3.0
  - 1.4.0

incompatible_with: []

generated_at: "2026-04-30T18:12:00Z"
